// !$*UTF8*$!
{
	archiveVersion = 1;
	classes = {
	};
	objectVersion = 55;
	objects = {

/* Begin PBXBuildFile section */
		E01524FD28A89F1500E83435 /* ultimate_trackerApp.swift in Sources */ = {isa = PBXBuildFile; fileRef = E01524FC28A89F1500E83435 /* ultimate_trackerApp.swift */; };
		E01524FF28A89F1500E83435 /* ContentView.swift in Sources */ = {isa = PBXBuildFile; fileRef = E01524FE28A89F1500E83435 /* ContentView.swift */; };
		E015250128A89F1B00E83435 /* Assets.xcassets in Resources */ = {isa = PBXBuildFile; fileRef = E015250028A89F1B00E83435 /* Assets.xcassets */; };
		E015250428A89F1B00E83435 /* Preview Assets.xcassets in Resources */ = {isa = PBXBuildFile; fileRef = E015250328A89F1B00E83435 /* Preview Assets.xcassets */; };
		E015250E28A89F1B00E83435 /* ultimate_trackerTests.swift in Sources */ = {isa = PBXBuildFile; fileRef = E015250D28A89F1B00E83435 /* ultimate_trackerTests.swift */; };
		E015251828A89F1B00E83435 /* ultimate_trackerUITests.swift in Sources */ = {isa = PBXBuildFile; fileRef = E015251728A89F1B00E83435 /* ultimate_trackerUITests.swift */; };
		E015251A28A89F1B00E83435 /* ultimate_trackerUITestsLaunchTests.swift in Sources */ = {isa = PBXBuildFile; fileRef = E015251928A89F1B00E83435 /* ultimate_trackerUITestsLaunchTests.swift */; };
		E0DBABB028B7DA9B00C25930 /* TrackerView.swift in Sources */ = {isa = PBXBuildFile; fileRef = E0DBABAF28B7DA9B00C25930 /* TrackerView.swift */; };
		E0DBABB228B7DF4200C25930 /* Game.swift in Sources */ = {isa = PBXBuildFile; fileRef = E0DBABB128B7DF4200C25930 /* Game.swift */; };
/* End PBXBuildFile section */

/* Begin PBXContainerItemProxy section */
		E015250A28A89F1B00E83435 /* PBXContainerItemProxy */ = {
			isa = PBXContainerItemProxy;
			containerPortal = E01524F128A89F1500E83435 /* Project object */;
			proxyType = 1;
			remoteGlobalIDString = E01524F828A89F1500E83435;
			remoteInfo = "ultimate-tracker";
		};
		E015251428A89F1B00E83435 /* PBXContainerItemProxy */ = {
			isa = PBXContainerItemProxy;
			containerPortal = E01524F128A89F1500E83435 /* Project object */;
			proxyType = 1;
			remoteGlobalIDString = E01524F828A89F1500E83435;
			remoteInfo = "ultimate-tracker";
		};
/* End PBXContainerItemProxy section */

/* Begin PBXFileReference section */
		E01524F928A89F1500E83435 /* ultimate-tracker.app */ = {isa = PBXFileReference; explicitFileType = wrapper.application; includeInIndex = 0; path = "ultimate-tracker.app"; sourceTree = BUILT_PRODUCTS_DIR; };
		E01524FC28A89F1500E83435 /* ultimate_trackerApp.swift */ = {isa = PBXFileReference; lastKnownFileType = sourcecode.swift; path = ultimate_trackerApp.swift; sourceTree = "<group>"; };
		E01524FE28A89F1500E83435 /* ContentView.swift */ = {isa = PBXFileReference; lastKnownFileType = sourcecode.swift; path = ContentView.swift; sourceTree = "<group>"; };
		E015250028A89F1B00E83435 /* Assets.xcassets */ = {isa = PBXFileReference; lastKnownFileType = folder.assetcatalog; path = Assets.xcassets; sourceTree = "<group>"; };
		E015250328A89F1B00E83435 /* Preview Assets.xcassets */ = {isa = PBXFileReference; lastKnownFileType = folder.assetcatalog; path = "Preview Assets.xcassets"; sourceTree = "<group>"; };
		E015250928A89F1B00E83435 /* ultimate-trackerTests.xctest */ = {isa = PBXFileReference; explicitFileType = wrapper.cfbundle; includeInIndex = 0; path = "ultimate-trackerTests.xctest"; sourceTree = BUILT_PRODUCTS_DIR; };
		E015250D28A89F1B00E83435 /* ultimate_trackerTests.swift */ = {isa = PBXFileReference; lastKnownFileType = sourcecode.swift; path = ultimate_trackerTests.swift; sourceTree = "<group>"; };
		E015251328A89F1B00E83435 /* ultimate-trackerUITests.xctest */ = {isa = PBXFileReference; explicitFileType = wrapper.cfbundle; includeInIndex = 0; path = "ultimate-trackerUITests.xctest"; sourceTree = BUILT_PRODUCTS_DIR; };
		E015251728A89F1B00E83435 /* ultimate_trackerUITests.swift */ = {isa = PBXFileReference; lastKnownFileType = sourcecode.swift; path = ultimate_trackerUITests.swift; sourceTree = "<group>"; };
		E015251928A89F1B00E83435 /* ultimate_trackerUITestsLaunchTests.swift */ = {isa = PBXFileReference; lastKnownFileType = sourcecode.swift; path = ultimate_trackerUITestsLaunchTests.swift; sourceTree = "<group>"; };
		E0DBABAF28B7DA9B00C25930 /* TrackerView.swift */ = {isa = PBXFileReference; lastKnownFileType = sourcecode.swift; path = TrackerView.swift; sourceTree = "<group>"; };
		E0DBABB128B7DF4200C25930 /* Game.swift */ = {isa = PBXFileReference; lastKnownFileType = sourcecode.swift; path = Game.swift; sourceTree = "<group>"; };
/* End PBXFileReference section */

/* Begin PBXFrameworksBuildPhase section */
		E01524F628A89F1500E83435 /* Frameworks */ = {
			isa = PBXFrameworksBuildPhase;
			buildActionMask = 2147483647;
			files = (
			);
			runOnlyForDeploymentPostprocessing = 0;
		};
		E015250628A89F1B00E83435 /* Frameworks */ = {
			isa = PBXFrameworksBuildPhase;
			buildActionMask = 2147483647;
			files = (
			);
			runOnlyForDeploymentPostprocessing = 0;
		};
		E015251028A89F1B00E83435 /* Frameworks */ = {
			isa = PBXFrameworksBuildPhase;
			buildActionMask = 2147483647;
			files = (
			);
			runOnlyForDeploymentPostprocessing = 0;
		};
/* End PBXFrameworksBuildPhase section */

/* Begin PBXGroup section */
		E01524F028A89F1500E83435 = {
			isa = PBXGroup;
			children = (
				E01524FB28A89F1500E83435 /* ultimate-tracker */,
				E015250C28A89F1B00E83435 /* ultimate-trackerTests */,
				E015251628A89F1B00E83435 /* ultimate-trackerUITests */,
				E01524FA28A89F1500E83435 /* Products */,
			);
			sourceTree = "<group>";
		};
		E01524FA28A89F1500E83435 /* Products */ = {
			isa = PBXGroup;
			children = (
				E01524F928A89F1500E83435 /* ultimate-tracker.app */,
				E015250928A89F1B00E83435 /* ultimate-trackerTests.xctest */,
				E015251328A89F1B00E83435 /* ultimate-trackerUITests.xctest */,
			);
			name = Products;
			sourceTree = "<group>";
		};
		E01524FB28A89F1500E83435 /* ultimate-tracker */ = {
			isa = PBXGroup;
			children = (
				E048B49F28B537F400AF1A34 /* views */,
				E048B49D28B5375500AF1A34 /* models */,
				E01524FC28A89F1500E83435 /* ultimate_trackerApp.swift */,
				E015250028A89F1B00E83435 /* Assets.xcassets */,
				E015250228A89F1B00E83435 /* Preview Content */,
			);
			path = "ultimate-tracker";
			sourceTree = "<group>";
		};
		E015250228A89F1B00E83435 /* Preview Content */ = {
			isa = PBXGroup;
			children = (
				E015250328A89F1B00E83435 /* Preview Assets.xcassets */,
			);
			path = "Preview Content";
			sourceTree = "<group>";
		};
		E015250C28A89F1B00E83435 /* ultimate-trackerTests */ = {
			isa = PBXGroup;
			children = (
				E015250D28A89F1B00E83435 /* ultimate_trackerTests.swift */,
			);
			path = "ultimate-trackerTests";
			sourceTree = "<group>";
		};
		E015251628A89F1B00E83435 /* ultimate-trackerUITests */ = {
			isa = PBXGroup;
			children = (
				E015251728A89F1B00E83435 /* ultimate_trackerUITests.swift */,
				E015251928A89F1B00E83435 /* ultimate_trackerUITestsLaunchTests.swift */,
			);
			path = "ultimate-trackerUITests";
			sourceTree = "<group>";
		};
		E048B49D28B5375500AF1A34 /* models */ = {
			isa = PBXGroup;
			children = (
				E0DBABB128B7DF4200C25930 /* Game.swift */,
			);
			path = models;
			sourceTree = "<group>";
		};
		E048B49F28B537F400AF1A34 /* views */ = {
			isa = PBXGroup;
			children = (
				E01524FE28A89F1500E83435 /* ContentView.swift */,
				E0DBABAF28B7DA9B00C25930 /* TrackerView.swift */,
			);
			path = views;
			sourceTree = "<group>";
		};
/* End PBXGroup section */

/* Begin PBXNativeTarget section */
		E01524F828A89F1500E83435 /* ultimate-tracker */ = {
			isa = PBXNativeTarget;
			buildConfigurationList = E015251D28A89F1B00E83435 /* Build configuration list for PBXNativeTarget "ultimate-tracker" */;
			buildPhases = (
				E01524F528A89F1500E83435 /* Sources */,
				E01524F628A89F1500E83435 /* Frameworks */,
				E01524F728A89F1500E83435 /* Resources */,
			);
			buildRules = (
			);
			dependencies = (
			);
			name = "ultimate-tracker";
			productName = "ultimate-tracker";
			productReference = E01524F928A89F1500E83435 /* ultimate-tracker.app */;
			productType = "com.apple.product-type.application";
		};
		E015250828A89F1B00E83435 /* ultimate-trackerTests */ = {
			isa = PBXNativeTarget;
			buildConfigurationList = E015252028A89F1B00E83435 /* Build configuration list for PBXNativeTarget "ultimate-trackerTests" */;
			buildPhases = (
				E015250528A89F1B00E83435 /* Sources */,
				E015250628A89F1B00E83435 /* Frameworks */,
				E015250728A89F1B00E83435 /* Resources */,
			);
			buildRules = (
			);
			dependencies = (
				E015250B28A89F1B00E83435 /* PBXTargetDependency */,
			);
			name = "ultimate-trackerTests";
			productName = "ultimate-trackerTests";
			productReference = E015250928A89F1B00E83435 /* ultimate-trackerTests.xctest */;
			productType = "com.apple.product-type.bundle.unit-test";
		};
		E015251228A89F1B00E83435 /* ultimate-trackerUITests */ = {
			isa = PBXNativeTarget;
			buildConfigurationList = E015252328A89F1B00E83435 /* Build configuration list for PBXNativeTarget "ultimate-trackerUITests" */;
			buildPhases = (
				E015250F28A89F1B00E83435 /* Sources */,
				E015251028A89F1B00E83435 /* Frameworks */,
				E015251128A89F1B00E83435 /* Resources */,
			);
			buildRules = (
			);
			dependencies = (
				E015251528A89F1B00E83435 /* PBXTargetDependency */,
			);
			name = "ultimate-trackerUITests";
			productName = "ultimate-trackerUITests";
			productReference = E015251328A89F1B00E83435 /* ultimate-trackerUITests.xctest */;
			productType = "com.apple.product-type.bundle.ui-testing";
		};
/* End PBXNativeTarget section */

/* Begin PBXProject section */
		E01524F128A89F1500E83435 /* Project object */ = {
			isa = PBXProject;
			attributes = {
				BuildIndependentTargetsInParallel = 1;
				LastSwiftUpdateCheck = 1340;
				LastUpgradeCheck = 1340;
				TargetAttributes = {
					E01524F828A89F1500E83435 = {
						CreatedOnToolsVersion = 13.4.1;
					};
					E015250828A89F1B00E83435 = {
						CreatedOnToolsVersion = 13.4.1;
						TestTargetID = E01524F828A89F1500E83435;
					};
					E015251228A89F1B00E83435 = {
						CreatedOnToolsVersion = 13.4.1;
						TestTargetID = E01524F828A89F1500E83435;
					};
				};
			};
			buildConfigurationList = E01524F428A89F1500E83435 /* Build configuration list for PBXProject "ultimate-tracker" */;
			compatibilityVersion = "Xcode 13.0";
			developmentRegion = en;
			hasScannedForEncodings = 0;
			knownRegions = (
				en,
				Base,
			);
			mainGroup = E01524F028A89F1500E83435;
			productRefGroup = E01524FA28A89F1500E83435 /* Products */;
			projectDirPath = "";
			projectRoot = "";
			targets = (
				E01524F828A89F1500E83435 /* ultimate-tracker */,
				E015250828A89F1B00E83435 /* ultimate-trackerTests */,
				E015251228A89F1B00E83435 /* ultimate-trackerUITests */,
			);
		};
/* End PBXProject section */

/* Begin PBXResourcesBuildPhase section */
		E01524F728A89F1500E83435 /* Resources */ = {
			isa = PBXResourcesBuildPhase;
			buildActionMask = 2147483647;
			files = (
				E015250428A89F1B00E83435 /* Preview Assets.xcassets in Resources */,
				E015250128A89F1B00E83435 /* Assets.xcassets in Resources */,
			);
			runOnlyForDeploymentPostprocessing = 0;
		};
		E015250728A89F1B00E83435 /* Resources */ = {
			isa = PBXResourcesBuildPhase;
			buildActionMask = 2147483647;
			files = (
			);
			runOnlyForDeploymentPostprocessing = 0;
		};
		E015251128A89F1B00E83435 /* Resources */ = {
			isa = PBXResourcesBuildPhase;
			buildActionMask = 2147483647;
			files = (
			);
			runOnlyForDeploymentPostprocessing = 0;
		};
/* End PBXResourcesBuildPhase section */

/* Begin PBXSourcesBuildPhase section */
		E01524F528A89F1500E83435 /* Sources */ = {
			isa = PBXSourcesBuildPhase;
			buildActionMask = 2147483647;
			files = (
				E01524FF28A89F1500E83435 /* ContentView.swift in Sources */,
				E01524FD28A89F1500E83435 /* ultimate_trackerApp.swift in Sources */,
				E0DBABB028B7DA9B00C25930 /* TrackerView.swift in Sources */,
				E0DBABB228B7DF4200C25930 /* Game.swift in Sources */,
			);
			runOnlyForDeploymentPostprocessing = 0;
		};
		E015250528A89F1B00E83435 /* Sources */ = {
			isa = PBXSourcesBuildPhase;
			buildActionMask = 2147483647;
			files = (
				E015250E28A89F1B00E83435 /* ultimate_trackerTests.swift in Sources */,
			);
			runOnlyForDeploymentPostprocessing = 0;
		};
		E015250F28A89F1B00E83435 /* Sources */ = {
			isa = PBXSourcesBuildPhase;
			buildActionMask = 2147483647;
			files = (
				E015251A28A89F1B00E83435 /* ultimate_trackerUITestsLaunchTests.swift in Sources */,
				E015251828A89F1B00E83435 /* ultimate_trackerUITests.swift in Sources */,
			);
			runOnlyForDeploymentPostprocessing = 0;
		};
/* End PBXSourcesBuildPhase section */

/* Begin PBXTargetDependency section */
		E015250B28A89F1B00E83435 /* PBXTargetDependency */ = {
			isa = PBXTargetDependency;
			target = E01524F828A89F1500E83435 /* ultimate-tracker */;
			targetProxy = E015250A28A89F1B00E83435 /* PBXContainerItemProxy */;
		};
		E015251528A89F1B00E83435 /* PBXTargetDependency */ = {
			isa = PBXTargetDependency;
			target = E01524F828A89F1500E83435 /* ultimate-tracker */;
			targetProxy = E015251428A89F1B00E83435 /* PBXContainerItemProxy */;
		};
/* End PBXTargetDependency section */

/* Begin XCBuildConfiguration section */
		E015251B28A89F1B00E83435 /* Debug */ = {
			isa = XCBuildConfiguration;
			buildSettings = {
				ALWAYS_SEARCH_USER_PATHS = NO;
				CLANG_ANALYZER_NONNULL = YES;
				CLANG_ANALYZER_NUMBER_OBJECT_CONVERSION = YES_AGGRESSIVE;
				CLANG_CXX_LANGUAGE_STANDARD = "gnu++17";
				CLANG_ENABLE_MODULES = YES;
				CLANG_ENABLE_OBJC_ARC = YES;
				CLANG_ENABLE_OBJC_WEAK = YES;
				CLANG_WARN_BLOCK_CAPTURE_AUTORELEASING = YES;
				CLANG_WARN_BOOL_CONVERSION = YES;
				CLANG_WARN_COMMA = YES;
				CLANG_WARN_CONSTANT_CONVERSION = YES;
				CLANG_WARN_DEPRECATED_OBJC_IMPLEMENTATIONS = YES;
				CLANG_WARN_DIRECT_OBJC_ISA_USAGE = YES_ERROR;
				CLANG_WARN_DOCUMENTATION_COMMENTS = YES;
				CLANG_WARN_EMPTY_BODY = YES;
				CLANG_WARN_ENUM_CONVERSION = YES;
				CLANG_WARN_INFINITE_RECURSION = YES;
				CLANG_WARN_INT_CONVERSION = YES;
				CLANG_WARN_NON_LITERAL_NULL_CONVERSION = YES;
				CLANG_WARN_OBJC_IMPLICIT_RETAIN_SELF = YES;
				CLANG_WARN_OBJC_LITERAL_CONVERSION = YES;
				CLANG_WARN_OBJC_ROOT_CLASS = YES_ERROR;
				CLANG_WARN_QUOTED_INCLUDE_IN_FRAMEWORK_HEADER = YES;
				CLANG_WARN_RANGE_LOOP_ANALYSIS = YES;
				CLANG_WARN_STRICT_PROTOTYPES = YES;
				CLANG_WARN_SUSPICIOUS_MOVE = YES;
				CLANG_WARN_UNGUARDED_AVAILABILITY = YES_AGGRESSIVE;
				CLANG_WARN_UNREACHABLE_CODE = YES;
				CLANG_WARN__DUPLICATE_METHOD_MATCH = YES;
				COPY_PHASE_STRIP = NO;
				DEBUG_INFORMATION_FORMAT = dwarf;
				ENABLE_STRICT_OBJC_MSGSEND = YES;
				ENABLE_TESTABILITY = YES;
				GCC_C_LANGUAGE_STANDARD = gnu11;
				GCC_DYNAMIC_NO_PIC = NO;
				GCC_NO_COMMON_BLOCKS = YES;
				GCC_OPTIMIZATION_LEVEL = 0;
				GCC_PREPROCESSOR_DEFINITIONS = (
					"DEBUG=1",
					"$(inherited)",
				);
				GCC_WARN_64_TO_32_BIT_CONVERSION = YES;
				GCC_WARN_ABOUT_RETURN_TYPE = YES_ERROR;
				GCC_WARN_UNDECLARED_SELECTOR = YES;
				GCC_WARN_UNINITIALIZED_AUTOS = YES_AGGRESSIVE;
				GCC_WARN_UNUSED_FUNCTION = YES;
				GCC_WARN_UNUSED_VARIABLE = YES;
				IPHONEOS_DEPLOYMENT_TARGET = 15.5;
				MTL_ENABLE_DEBUG_INFO = INCLUDE_SOURCE;
				MTL_FAST_MATH = YES;
				ONLY_ACTIVE_ARCH = YES;
				SDKROOT = iphoneos;
				SWIFT_ACTIVE_COMPILATION_CONDITIONS = DEBUG;
				SWIFT_OPTIMIZATION_LEVEL = "-Onone";
			};
			name = Debug;
		};
		E015251C28A89F1B00E83435 /* Release */ = {
			isa = XCBuildConfiguration;
			buildSettings = {
				ALWAYS_SEARCH_USER_PATHS = NO;
				CLANG_ANALYZER_NONNULL = YES;
				CLANG_ANALYZER_NUMBER_OBJECT_CONVERSION = YES_AGGRESSIVE;
				CLANG_CXX_LANGUAGE_STANDARD = "gnu++17";
				CLANG_ENABLE_MODULES = YES;
				CLANG_ENABLE_OBJC_ARC = YES;
				CLANG_ENABLE_OBJC_WEAK = YES;
				CLANG_WARN_BLOCK_CAPTURE_AUTORELEASING = YES;
				CLANG_WARN_BOOL_CONVERSION = YES;
				CLANG_WARN_COMMA = YES;
				CLANG_WARN_CONSTANT_CONVERSION = YES;
				CLANG_WARN_DEPRECATED_OBJC_IMPLEMENTATIONS = YES;
				CLANG_WARN_DIRECT_OBJC_ISA_USAGE = YES_ERROR;
				CLANG_WARN_DOCUMENTATION_COMMENTS = YES;
				CLANG_WARN_EMPTY_BODY = YES;
				CLANG_WARN_ENUM_CONVERSION = YES;
				CLANG_WARN_INFINITE_RECURSION = YES;
				CLANG_WARN_INT_CONVERSION = YES;
				CLANG_WARN_NON_LITERAL_NULL_CONVERSION = YES;
				CLANG_WARN_OBJC_IMPLICIT_RETAIN_SELF = YES;
				CLANG_WARN_OBJC_LITERAL_CONVERSION = YES;
				CLANG_WARN_OBJC_ROOT_CLASS = YES_ERROR;
				CLANG_WARN_QUOTED_INCLUDE_IN_FRAMEWORK_HEADER = YES;
				CLANG_WARN_RANGE_LOOP_ANALYSIS = YES;
				CLANG_WARN_STRICT_PROTOTYPES = YES;
				CLANG_WARN_SUSPICIOUS_MOVE = YES;
				CLANG_WARN_UNGUARDED_AVAILABILITY = YES_AGGRESSIVE;
				CLANG_WARN_UNREACHABLE_CODE = YES;
				CLANG_WARN__DUPLICATE_METHOD_MATCH = YES;
				COPY_PHASE_STRIP = NO;
				DEBUG_INFORMATION_FORMAT = "dwarf-with-dsym";
				ENABLE_NS_ASSERTIONS = NO;
				ENABLE_STRICT_OBJC_MSGSEND = YES;
				GCC_C_LANGUAGE_STANDARD = gnu11;
				GCC_NO_COMMON_BLOCKS = YES;
				GCC_WARN_64_TO_32_BIT_CONVERSION = YES;
				GCC_WARN_ABOUT_RETURN_TYPE = YES_ERROR;
				GCC_WARN_UNDECLARED_SELECTOR = YES;
				GCC_WARN_UNINITIALIZED_AUTOS = YES_AGGRESSIVE;
				GCC_WARN_UNUSED_FUNCTION = YES;
				GCC_WARN_UNUSED_VARIABLE = YES;
				IPHONEOS_DEPLOYMENT_TARGET = 15.5;
				MTL_ENABLE_DEBUG_INFO = NO;
				MTL_FAST_MATH = YES;
				SDKROOT = iphoneos;
				SWIFT_COMPILATION_MODE = wholemodule;
				SWIFT_OPTIMIZATION_LEVEL = "-O";
				VALIDATE_PRODUCT = YES;
			};
			name = Release;
		};
		E015251E28A89F1B00E83435 /* Debug */ = {
			isa = XCBuildConfiguration;
			buildSettings = {
				ASSETCATALOG_COMPILER_APPICON_NAME = AppIcon;
				ASSETCATALOG_COMPILER_GLOBAL_ACCENT_COLOR_NAME = AccentColor;
				CODE_SIGN_STYLE = Automatic;
				CURRENT_PROJECT_VERSION = 1;
				DEVELOPMENT_ASSET_PATHS = "\"ultimate-tracker/Preview Content\"";
				ENABLE_PREVIEWS = YES;
				GENERATE_INFOPLIST_FILE = YES;
				INFOPLIST_KEY_UIApplicationSceneManifest_Generation = YES;
				INFOPLIST_KEY_UIApplicationSupportsIndirectInputEvents = YES;
				INFOPLIST_KEY_UILaunchScreen_Generation = YES;
				INFOPLIST_KEY_UISupportedInterfaceOrientations_iPad = "UIInterfaceOrientationPortrait UIInterfaceOrientationPortraitUpsideDown UIInterfaceOrientationLandscapeLeft UIInterfaceOrientationLandscapeRight";
				INFOPLIST_KEY_UISupportedInterfaceOrientations_iPhone = "UIInterfaceOrientationPortrait UIInterfaceOrientationLandscapeLeft UIInterfaceOrientationLandscapeRight";
				LD_RUNPATH_SEARCH_PATHS = (
					"$(inherited)",
					"@executable_path/Frameworks",
				);
				MARKETING_VERSION = 1.0;
				PRODUCT_BUNDLE_IDENTIFIER = "camenpiho.ultimate-tracker";
				PRODUCT_NAME = "$(TARGET_NAME)";
				SWIFT_EMIT_LOC_STRINGS = YES;
				SWIFT_VERSION = 5.0;
				TARGETED_DEVICE_FAMILY = "1,2";
			};
			name = Debug;
		};
		E015251F28A89F1B00E83435 /* Release */ = {
			isa = XCBuildConfiguration;
			buildSettings = {
				ASSETCATALOG_COMPILER_APPICON_NAME = AppIcon;
				ASSETCATALOG_COMPILER_GLOBAL_ACCENT_COLOR_NAME = AccentColor;
				CODE_SIGN_STYLE = Automatic;
				CURRENT_PROJECT_VERSION = 1;
				DEVELOPMENT_ASSET_PATHS = "\"ultimate-tracker/Preview Content\"";
				ENABLE_PREVIEWS = YES;
				GENERATE_INFOPLIST_FILE = YES;
				INFOPLIST_KEY_UIApplicationSceneManifest_Generation = YES;
				INFOPLIST_KEY_UIApplicationSupportsIndirectInputEvents = YES;
				INFOPLIST_KEY_UILaunchScreen_Generation = YES;
				INFOPLIST_KEY_UISupportedInterfaceOrientations_iPad = "UIInterfaceOrientationPortrait UIInterfaceOrientationPortraitUpsideDown UIInterfaceOrientationLandscapeLeft UIInterfaceOrientationLandscapeRight";
				INFOPLIST_KEY_UISupportedInterfaceOrientations_iPhone = "UIInterfaceOrientationPortrait UIInterfaceOrientationLandscapeLeft UIInterfaceOrientationLandscapeRight";
				LD_RUNPATH_SEARCH_PATHS = (
					"$(inherited)",
					"@executable_path/Frameworks",
				);
				MARKETING_VERSION = 1.0;
				PRODUCT_BUNDLE_IDENTIFIER = "camenpiho.ultimate-tracker";
				PRODUCT_NAME = "$(TARGET_NAME)";
				SWIFT_EMIT_LOC_STRINGS = YES;
				SWIFT_VERSION = 5.0;
				TARGETED_DEVICE_FAMILY = "1,2";
			};
			name = Release;
		};
		E015252128A89F1B00E83435 /* Debug */ = {
			isa = XCBuildConfiguration;
			buildSettings = {
				ALWAYS_EMBED_SWIFT_STANDARD_LIBRARIES = YES;
				BUNDLE_LOADER = "$(TEST_HOST)";
				CODE_SIGN_STYLE = Automatic;
				CURRENT_PROJECT_VERSION = 1;
				GENERATE_INFOPLIST_FILE = YES;
				IPHONEOS_DEPLOYMENT_TARGET = 15.5;
				MARKETING_VERSION = 1.0;
				PRODUCT_BUNDLE_IDENTIFIER = "camenpiho.ultimate-trackerTests";
				PRODUCT_NAME = "$(TARGET_NAME)";
				SWIFT_EMIT_LOC_STRINGS = NO;
				SWIFT_VERSION = 5.0;
				TARGETED_DEVICE_FAMILY = "1,2";
				TEST_HOST = "$(BUILT_PRODUCTS_DIR)/ultimate-tracker.app/ultimate-tracker";
			};
			name = Debug;
		};
		E015252228A89F1B00E83435 /* Release */ = {
			isa = XCBuildConfiguration;
			buildSettings = {
				ALWAYS_EMBED_SWIFT_STANDARD_LIBRARIES = YES;
				BUNDLE_LOADER = "$(TEST_HOST)";
				CODE_SIGN_STYLE = Automatic;
				CURRENT_PROJECT_VERSION = 1;
				GENERATE_INFOPLIST_FILE = YES;
				IPHONEOS_DEPLOYMENT_TARGET = 15.5;
				MARKETING_VERSION = 1.0;
				PRODUCT_BUNDLE_IDENTIFIER = "camenpiho.ultimate-trackerTests";
				PRODUCT_NAME = "$(TARGET_NAME)";
				SWIFT_EMIT_LOC_STRINGS = NO;
				SWIFT_VERSION = 5.0;
				TARGETED_DEVICE_FAMILY = "1,2";
				TEST_HOST = "$(BUILT_PRODUCTS_DIR)/ultimate-tracker.app/ultimate-tracker";
			};
			name = Release;
		};
		E015252428A89F1B00E83435 /* Debug */ = {
			isa = XCBuildConfiguration;
			buildSettings = {
				ALWAYS_EMBED_SWIFT_STANDARD_LIBRARIES = YES;
				CODE_SIGN_STYLE = Automatic;
				CURRENT_PROJECT_VERSION = 1;
				GENERATE_INFOPLIST_FILE = YES;
				MARKETING_VERSION = 1.0;
				PRODUCT_BUNDLE_IDENTIFIER = "camenpiho.ultimate-trackerUITests";
				PRODUCT_NAME = "$(TARGET_NAME)";
				SWIFT_EMIT_LOC_STRINGS = NO;
				SWIFT_VERSION = 5.0;
				TARGETED_DEVICE_FAMILY = "1,2";
				TEST_TARGET_NAME = "ultimate-tracker";
			};
			name = Debug;
		};
		E015252528A89F1B00E83435 /* Release */ = {
			isa = XCBuildConfiguration;
			buildSettings = {
				ALWAYS_EMBED_SWIFT_STANDARD_LIBRARIES = YES;
				CODE_SIGN_STYLE = Automatic;
				CURRENT_PROJECT_VERSION = 1;
				GENERATE_INFOPLIST_FILE = YES;
				MARKETING_VERSION = 1.0;
				PRODUCT_BUNDLE_IDENTIFIER = "camenpiho.ultimate-trackerUITests";
				PRODUCT_NAME = "$(TARGET_NAME)";
				SWIFT_EMIT_LOC_STRINGS = NO;
				SWIFT_VERSION = 5.0;
				TARGETED_DEVICE_FAMILY = "1,2";
				TEST_TARGET_NAME = "ultimate-tracker";
			};
			name = Release;
		};
/* End XCBuildConfiguration section */

/* Begin XCConfigurationList section */
		E01524F428A89F1500E83435 /* Build configuration list for PBXProject "ultimate-tracker" */ = {
			isa = XCConfigurationList;
			buildConfigurations = (
				E015251B28A89F1B00E83435 /* Debug */,
				E015251C28A89F1B00E83435 /* Release */,
			);
			defaultConfigurationIsVisible = 0;
			defaultConfigurationName = Release;
		};
		E015251D28A89F1B00E83435 /* Build configuration list for PBXNativeTarget "ultimate-tracker" */ = {
			isa = XCConfigurationList;
			buildConfigurations = (
				E015251E28A89F1B00E83435 /* Debug */,
				E015251F28A89F1B00E83435 /* Release */,
			);
			defaultConfigurationIsVisible = 0;
			defaultConfigurationName = Release;
		};
		E015252028A89F1B00E83435 /* Build configuration list for PBXNativeTarget "ultimate-trackerTests" */ = {
			isa = XCConfigurationList;
			buildConfigurations = (
				E015252128A89F1B00E83435 /* Debug */,
				E015252228A89F1B00E83435 /* Release */,
			);
			defaultConfigurationIsVisible = 0;
			defaultConfigurationName = Release;
		};
		E015252328A89F1B00E83435 /* Build configuration list for PBXNativeTarget "ultimate-trackerUITests" */ = {
			isa = XCConfigurationList;
			buildConfigurations = (
				E015252428A89F1B00E83435 /* Debug */,
				E015252528A89F1B00E83435 /* Release */,
			);
			defaultConfigurationIsVisible = 0;
			defaultConfigurationName = Release;
		};
/* End XCConfigurationList section */
	};
	rootObject = E01524F128A89F1500E83435 /* Project object */;
}
